
Microsoft Visual Studio Solution File, Format Version 12.00
Project("{FAE04EC0-301F-11D3-BF4B-00C04F79EFBC}") = "TextToAudioBot", "TextToAudioBot.csproj", "{11CCEE07-3B0C-404C-8218-B64AB64918F4}"
EndProject
Global
	GlobalSection(SolutionConfigurationPlatforms) = preSolution
		Debug|Any CPU = Debug|Any CPU
		Release|Any CPU = Release|Any CPU
	EndGlobalSection
	GlobalSection(ProjectConfigurationPlatforms) = postSolution
		{11CCEE07-3B0C-404C-8218-B64AB64918F4}.Debug|Any CPU.ActiveCfg = Debug|Any CPU
		{11CCEE07-3B0C-404C-8218-B64AB64918F4}.Debug|Any CPU.Build.0 = Debug|Any CPU
		{11CCEE07-3B0C-404C-8218-B64AB64918F4}.Release|Any CPU.ActiveCfg = Release|Any CPU
		{11CCEE07-3B0C-404C-8218-B64AB64918F4}.Release|Any CPU.Build.0 = Release|Any CPU
	EndGlobalSection
EndGlobal
